
Microsoft Visual Studio Solution File, Format Version 12.00
# Visual Studio 15
VisualStudioVersion = 15.0.26730.12
MinimumVisualStudioVersion = 10.0.40219.1
Project("{FAE04EC0-301F-11D3-BF4B-00C04F79EFBC}") = "BarcodeScanner.Android", "BarcodeScanner\BarcodeScanner.Android\BarcodeScanner.Android.csproj", "{3902824F-01D0-4EC4-A8C5-6EF4E00E48C7}"
EndProject
Project("{FAE04EC0-301F-11D3-BF4B-00C04F79EFBC}") = "BarcodeScanner", "BarcodeScanner\BarcodeScanner\BarcodeScanner.csproj", "{45DB7653-310E-49A7-9735-A3478A2F14DC}"
EndProject
Project("{9A19103F-16F7-4668-BE54-9A1E7A4F7556}") = "BarcodeReaderAbstractions", "BarcodeReaderAbstractions\BarcodeReaderAbstractions.csproj", "{349168EB-8973-4646-B104-9CC1FE698CE8}"
EndProject
Project("{FAE04EC0-301F-11D3-BF4B-00C04F79EFBC}") = "BarcodeReaderImpl_Droid", "BarcodeReaderImpl_Droid\BarcodeReaderImpl_Droid.csproj", "{92F2E7FD-B041-4629-BB45-A585D3DCB94D}"
EndProject
Global
	GlobalSection(SolutionConfigurationPlatforms) = preSolution
		Ad-Hoc|Any CPU = Ad-Hoc|Any CPU
		Ad-Hoc|ARM = Ad-Hoc|ARM
		Ad-Hoc|iPhone = Ad-Hoc|iPhone
		Ad-Hoc|iPhoneSimulator = Ad-Hoc|iPhoneSimulator
		Ad-Hoc|x64 = Ad-Hoc|x64
		Ad-Hoc|x86 = Ad-Hoc|x86
		AppStore|Any CPU = AppStore|Any CPU
		AppStore|ARM = AppStore|ARM
		AppStore|iPhone = AppStore|iPhone
		AppStore|iPhoneSimulator = AppStore|iPhoneSimulator
		AppStore|x64 = AppStore|x64
		AppStore|x86 = AppStore|x86
		Debug|Any CPU = Debug|Any CPU
		Debug|ARM = Debug|ARM
		Debug|iPhone = Debug|iPhone
		Debug|iPhoneSimulator = Debug|iPhoneSimulator
		Debug|x64 = Debug|x64
		Debug|x86 = Debug|x86
		Release|Any CPU = Release|Any CPU
		Release|ARM = Release|ARM
		Release|iPhone = Release|iPhone
		Release|iPhoneSimulator = Release|iPhoneSimulator
		Release|x64 = Release|x64
		Release|x86 = Release|x86
	EndGlobalSection
	GlobalSection(ProjectConfigurationPlatforms) = postSolution
		{3902824F-01D0-4EC4-A8C5-6EF4E00E48C7}.Ad-Hoc|Any CPU.ActiveCfg = Release|Any CPU
		{3902824F-01D0-4EC4-A8C5-6EF4E00E48C7}.Ad-Hoc|Any CPU.Build.0 = Release|Any CPU
		{3902824F-01D0-4EC4-A8C5-6EF4E00E48C7}.Ad-Hoc|Any CPU.Deploy.0 = Release|Any CPU
		{3902824F-01D0-4EC4-A8C5-6EF4E00E48C7}.Ad-Hoc|ARM.ActiveCfg = Release|Any CPU
		{3902824F-01D0-4EC4-A8C5-6EF4E00E48C7}.Ad-Hoc|ARM.Build.0 = Release|Any CPU
		{3902824F-01D0-4EC4-A8C5-6EF4E00E48C7}.Ad-Hoc|ARM.Deploy.0 = Release|Any CPU
		{3902824F-01D0-4EC4-A8C5-6EF4E00E48C7}.Ad-Hoc|iPhone.ActiveCfg = Release|Any CPU
		{3902824F-01D0-4EC4-A8C5-6EF4E00E48C7}.Ad-Hoc|iPhone.Build.0 = Release|Any CPU
		{3902824F-01D0-4EC4-A8C5-6EF4E00E48C7}.Ad-Hoc|iPhone.Deploy.0 = Release|Any CPU
		{3902824F-01D0-4EC4-A8C5-6EF4E00E48C7}.Ad-Hoc|iPhoneSimulator.ActiveCfg = Release|Any CPU
		{3902824F-01D0-4EC4-A8C5-6EF4E00E48C7}.Ad-Hoc|iPhoneSimulator.Build.0 = Release|Any CPU
		{3902824F-01D0-4EC4-A8C5-6EF4E00E48C7}.Ad-Hoc|iPhoneSimulator.Deploy.0 = Release|Any CPU
		{3902824F-01D0-4EC4-A8C5-6EF4E00E48C7}.Ad-Hoc|x64.ActiveCfg = Release|Any CPU
		{3902824F-01D0-4EC4-A8C5-6EF4E00E48C7}.Ad-Hoc|x64.Build.0 = Release|Any CPU
		{3902824F-01D0-4EC4-A8C5-6EF4E00E48C7}.Ad-Hoc|x64.Deploy.0 = Release|Any CPU
		{3902824F-01D0-4EC4-A8C5-6EF4E00E48C7}.Ad-Hoc|x86.ActiveCfg = Release|Any CPU
		{3902824F-01D0-4EC4-A8C5-6EF4E00E48C7}.Ad-Hoc|x86.Build.0 = Release|Any CPU
		{3902824F-01D0-4EC4-A8C5-6EF4E00E48C7}.Ad-Hoc|x86.Deploy.0 = Release|Any CPU
		{3902824F-01D0-4EC4-A8C5-6EF4E00E48C7}.AppStore|Any CPU.ActiveCfg = Release|Any CPU
		{3902824F-01D0-4EC4-A8C5-6EF4E00E48C7}.AppStore|Any CPU.Build.0 = Release|Any CPU
		{3902824F-01D0-4EC4-A8C5-6EF4E00E48C7}.AppStore|Any CPU.Deploy.0 = Release|Any CPU
		{3902824F-01D0-4EC4-A8C5-6EF4E00E48C7}.AppStore|ARM.ActiveCfg = Release|Any CPU
		{3902824F-01D0-4EC4-A8C5-6EF4E00E48C7}.AppStore|ARM.Build.0 = Release|Any CPU
		{3902824F-01D0-4EC4-A8C5-6EF4E00E48C7}.AppStore|ARM.Deploy.0 = Release|Any CPU
		{3902824F-01D0-4EC4-A8C5-6EF4E00E48C7}.AppStore|iPhone.ActiveCfg = Release|Any CPU
		{3902824F-01D0-4EC4-A8C5-6EF4E00E48C7}.AppStore|iPhone.Build.0 = Release|Any CPU
		{3902824F-01D0-4EC4-A8C5-6EF4E00E48C7}.AppStore|iPhone.Deploy.0 = Release|Any CPU
		{3902824F-01D0-4EC4-A8C5-6EF4E00E48C7}.AppStore|iPhoneSimulator.ActiveCfg = Release|Any CPU
		{3902824F-01D0-4EC4-A8C5-6EF4E00E48C7}.AppStore|iPhoneSimulator.Build.0 = Release|Any CPU
		{3902824F-01D0-4EC4-A8C5-6EF4E00E48C7}.AppStore|iPhoneSimulator.Deploy.0 = Release|Any CPU
		{3902824F-01D0-4EC4-A8C5-6EF4E00E48C7}.AppStore|x64.ActiveCfg = Release|Any CPU
		{3902824F-01D0-4EC4-A8C5-6EF4E00E48C7}.AppStore|x64.Build.0 = Release|Any CPU
		{3902824F-01D0-4EC4-A8C5-6EF4E00E48C7}.AppStore|x64.Deploy.0 = Release|Any CPU
		{3902824F-01D0-4EC4-A8C5-6EF4E00E48C7}.AppStore|x86.ActiveCfg = Release|Any CPU
		{3902824F-01D0-4EC4-A8C5-6EF4E00E48C7}.AppStore|x86.Build.0 = Release|Any CPU
		{3902824F-01D0-4EC4-A8C5-6EF4E00E48C7}.AppStore|x86.Deploy.0 = Release|Any CPU
		{3902824F-01D0-4EC4-A8C5-6EF4E00E48C7}.Debug|Any CPU.ActiveCfg = Debug|Any CPU
		{3902824F-01D0-4EC4-A8C5-6EF4E00E48C7}.Debug|Any CPU.Build.0 = Debug|Any CPU
		{3902824F-01D0-4EC4-A8C5-6EF4E00E48C7}.Debug|Any CPU.Deploy.0 = Debug|Any CPU
		{3902824F-01D0-4EC4-A8C5-6EF4E00E48C7}.Debug|ARM.ActiveCfg = Debug|Any CPU
		{3902824F-01D0-4EC4-A8C5-6EF4E00E48C7}.Debug|ARM.Build.0 = Debug|Any CPU
		{3902824F-01D0-4EC4-A8C5-6EF4E00E48C7}.Debug|ARM.Deploy.0 = Debug|Any CPU
		{3902824F-01D0-4EC4-A8C5-6EF4E00E48C7}.Debug|iPhone.ActiveCfg = Debug|Any CPU
		{3902824F-01D0-4EC4-A8C5-6EF4E00E48C7}.Debug|iPhone.Build.0 = Debug|Any CPU
		{3902824F-01D0-4EC4-A8C5-6EF4E00E48C7}.Debug|iPhone.Deploy.0 = Debug|Any CPU
		{3902824F-01D0-4EC4-A8C5-6EF4E00E48C7}.Debug|iPhoneSimulator.ActiveCfg = Debug|Any CPU
		{3902824F-01D0-4EC4-A8C5-6EF4E00E48C7}.Debug|iPhoneSimulator.Build.0 = Debug|Any CPU
		{3902824F-01D0-4EC4-A8C5-6EF4E00E48C7}.Debug|iPhoneSimulator.Deploy.0 = Debug|Any CPU
		{3902824F-01D0-4EC4-A8C5-6EF4E00E48C7}.Debug|x64.ActiveCfg = Debug|Any CPU
		{3902824F-01D0-4EC4-A8C5-6EF4E00E48C7}.Debug|x64.Build.0 = Debug|Any CPU
		{3902824F-01D0-4EC4-A8C5-6EF4E00E48C7}.Debug|x64.Deploy.0 = Debug|Any CPU
		{3902824F-01D0-4EC4-A8C5-6EF4E00E48C7}.Debug|x86.ActiveCfg = Debug|Any CPU
		{3902824F-01D0-4EC4-A8C5-6EF4E00E48C7}.Debug|x86.Build.0 = Debug|Any CPU
		{3902824F-01D0-4EC4-A8C5-6EF4E00E48C7}.Debug|x86.Deploy.0 = Debug|Any CPU
		{3902824F-01D0-4EC4-A8C5-6EF4E00E48C7}.Release|Any CPU.ActiveCfg = Release|Any CPU
		{3902824F-01D0-4EC4-A8C5-6EF4E00E48C7}.Release|Any CPU.Build.0 = Release|Any CPU
		{3902824F-01D0-4EC4-A8C5-6EF4E00E48C7}.Release|Any CPU.Deploy.0 = Release|Any CPU
		{3902824F-01D0-4EC4-A8C5-6EF4E00E48C7}.Release|ARM.ActiveCfg = Release|Any CPU
		{3902824F-01D0-4EC4-A8C5-6EF4E00E48C7}.Release|ARM.Build.0 = Release|Any CPU
		{3902824F-01D0-4EC4-A8C5-6EF4E00E48C7}.Release|ARM.Deploy.0 = Release|Any CPU
		{3902824F-01D0-4EC4-A8C5-6EF4E00E48C7}.Release|iPhone.ActiveCfg = Release|Any CPU
		{3902824F-01D0-4EC4-A8C5-6EF4E00E48C7}.Release|iPhone.Build.0 = Release|Any CPU
		{3902824F-01D0-4EC4-A8C5-6EF4E00E48C7}.Release|iPhone.Deploy.0 = Release|Any CPU
		{3902824F-01D0-4EC4-A8C5-6EF4E00E48C7}.Release|iPhoneSimulator.ActiveCfg = Release|Any CPU
		{3902824F-01D0-4EC4-A8C5-6EF4E00E48C7}.Release|iPhoneSimulator.Build.0 = Release|Any CPU
		{3902824F-01D0-4EC4-A8C5-6EF4E00E48C7}.Release|iPhoneSimulator.Deploy.0 = Release|Any CPU
		{3902824F-01D0-4EC4-A8C5-6EF4E00E48C7}.Release|x64.ActiveCfg = Release|Any CPU
		{3902824F-01D0-4EC4-A8C5-6EF4E00E48C7}.Release|x64.Build.0 = Release|Any CPU
		{3902824F-01D0-4EC4-A8C5-6EF4E00E48C7}.Release|x64.Deploy.0 = Release|Any CPU
		{3902824F-01D0-4EC4-A8C5-6EF4E00E48C7}.Release|x86.ActiveCfg = Release|Any CPU
		{3902824F-01D0-4EC4-A8C5-6EF4E00E48C7}.Release|x86.Build.0 = Release|Any CPU
		{3902824F-01D0-4EC4-A8C5-6EF4E00E48C7}.Release|x86.Deploy.0 = Release|Any CPU
		{45DB7653-310E-49A7-9735-A3478A2F14DC}.Ad-Hoc|Any CPU.ActiveCfg = Release|Any CPU
		{45DB7653-310E-49A7-9735-A3478A2F14DC}.Ad-Hoc|Any CPU.Build.0 = Release|Any CPU
		{45DB7653-310E-49A7-9735-A3478A2F14DC}.Ad-Hoc|ARM.ActiveCfg = Release|Any CPU
		{45DB7653-310E-49A7-9735-A3478A2F14DC}.Ad-Hoc|ARM.Build.0 = Release|Any CPU
		{45DB7653-310E-49A7-9735-A3478A2F14DC}.Ad-Hoc|iPhone.ActiveCfg = Release|Any CPU
		{45DB7653-310E-49A7-9735-A3478A2F14DC}.Ad-Hoc|iPhone.Build.0 = Release|Any CPU
		{45DB7653-310E-49A7-9735-A3478A2F14DC}.Ad-Hoc|iPhoneSimulator.ActiveCfg = Release|Any CPU
		{45DB7653-310E-49A7-9735-A3478A2F14DC}.Ad-Hoc|iPhoneSimulator.Build.0 = Release|Any CPU
		{45DB7653-310E-49A7-9735-A3478A2F14DC}.Ad-Hoc|x64.ActiveCfg = Release|Any CPU
		{45DB7653-310E-49A7-9735-A3478A2F14DC}.Ad-Hoc|x64.Build.0 = Release|Any CPU
		{45DB7653-310E-49A7-9735-A3478A2F14DC}.Ad-Hoc|x86.ActiveCfg = Release|Any CPU
		{45DB7653-310E-49A7-9735-A3478A2F14DC}.Ad-Hoc|x86.Build.0 = Release|Any CPU
		{45DB7653-310E-49A7-9735-A3478A2F14DC}.AppStore|Any CPU.ActiveCfg = Release|Any CPU
		{45DB7653-310E-49A7-9735-A3478A2F14DC}.AppStore|Any CPU.Build.0 = Release|Any CPU
		{45DB7653-310E-49A7-9735-A3478A2F14DC}.AppStore|ARM.ActiveCfg = Release|Any CPU
		{45DB7653-310E-49A7-9735-A3478A2F14DC}.AppStore|ARM.Build.0 = Release|Any CPU
		{45DB7653-310E-49A7-9735-A3478A2F14DC}.AppStore|iPhone.ActiveCfg = Release|Any CPU
		{45DB7653-310E-49A7-9735-A3478A2F14DC}.AppStore|iPhone.Build.0 = Release|Any CPU
		{45DB7653-310E-49A7-9735-A3478A2F14DC}.AppStore|iPhoneSimulator.ActiveCfg = Release|Any CPU
		{45DB7653-310E-49A7-9735-A3478A2F14DC}.AppStore|iPhoneSimulator.Build.0 = Release|Any CPU
		{45DB7653-310E-49A7-9735-A3478A2F14DC}.AppStore|x64.ActiveCfg = Release|Any CPU
		{45DB7653-310E-49A7-9735-A3478A2F14DC}.AppStore|x64.Build.0 = Release|Any CPU
		{45DB7653-310E-49A7-9735-A3478A2F14DC}.AppStore|x86.ActiveCfg = Release|Any CPU
		{45DB7653-310E-49A7-9735-A3478A2F14DC}.AppStore|x86.Build.0 = Release|Any CPU
		{45DB7653-310E-49A7-9735-A3478A2F14DC}.Debug|Any CPU.ActiveCfg = Debug|Any CPU
		{45DB7653-310E-49A7-9735-A3478A2F14DC}.Debug|Any CPU.Build.0 = Debug|Any CPU
		{45DB7653-310E-49A7-9735-A3478A2F14DC}.Debug|ARM.ActiveCfg = Debug|Any CPU
		{45DB7653-310E-49A7-9735-A3478A2F14DC}.Debug|ARM.Build.0 = Debug|Any CPU
		{45DB7653-310E-49A7-9735-A3478A2F14DC}.Debug|iPhone.ActiveCfg = Debug|Any CPU
		{45DB7653-310E-49A7-9735-A3478A2F14DC}.Debug|iPhone.Build.0 = Debug|Any CPU
		{45DB7653-310E-49A7-9735-A3478A2F14DC}.Debug|iPhoneSimulator.ActiveCfg = Debug|Any CPU
		{45DB7653-310E-49A7-9735-A3478A2F14DC}.Debug|iPhoneSimulator.Build.0 = Debug|Any CPU
		{45DB7653-310E-49A7-9735-A3478A2F14DC}.Debug|x64.ActiveCfg = Debug|Any CPU
		{45DB7653-310E-49A7-9735-A3478A2F14DC}.Debug|x64.Build.0 = Debug|Any CPU
		{45DB7653-310E-49A7-9735-A3478A2F14DC}.Debug|x86.ActiveCfg = Debug|Any CPU
		{45DB7653-310E-49A7-9735-A3478A2F14DC}.Debug|x86.Build.0 = Debug|Any CPU
		{45DB7653-310E-49A7-9735-A3478A2F14DC}.Release|Any CPU.ActiveCfg = Release|Any CPU
		{45DB7653-310E-49A7-9735-A3478A2F14DC}.Release|Any CPU.Build.0 = Release|Any CPU
		{45DB7653-310E-49A7-9735-A3478A2F14DC}.Release|ARM.ActiveCfg = Release|Any CPU
		{45DB7653-310E-49A7-9735-A3478A2F14DC}.Release|ARM.Build.0 = Release|Any CPU
		{45DB7653-310E-49A7-9735-A3478A2F14DC}.Release|iPhone.ActiveCfg = Release|Any CPU
		{45DB7653-310E-49A7-9735-A3478A2F14DC}.Release|iPhone.Build.0 = Release|Any CPU
		{45DB7653-310E-49A7-9735-A3478A2F14DC}.Release|iPhoneSimulator.ActiveCfg = Release|Any CPU
		{45DB7653-310E-49A7-9735-A3478A2F14DC}.Release|iPhoneSimulator.Build.0 = Release|Any CPU
		{45DB7653-310E-49A7-9735-A3478A2F14DC}.Release|x64.ActiveCfg = Release|Any CPU
		{45DB7653-310E-49A7-9735-A3478A2F14DC}.Release|x64.Build.0 = Release|Any CPU
		{45DB7653-310E-49A7-9735-A3478A2F14DC}.Release|x86.ActiveCfg = Release|Any CPU
		{45DB7653-310E-49A7-9735-A3478A2F14DC}.Release|x86.Build.0 = Release|Any CPU
		{349168EB-8973-4646-B104-9CC1FE698CE8}.Ad-Hoc|Any CPU.ActiveCfg = Debug|Any CPU
		{349168EB-8973-4646-B104-9CC1FE698CE8}.Ad-Hoc|Any CPU.Build.0 = Debug|Any CPU
		{349168EB-8973-4646-B104-9CC1FE698CE8}.Ad-Hoc|ARM.ActiveCfg = Debug|Any CPU
		{349168EB-8973-4646-B104-9CC1FE698CE8}.Ad-Hoc|ARM.Build.0 = Debug|Any CPU
		{349168EB-8973-4646-B104-9CC1FE698CE8}.Ad-Hoc|iPhone.ActiveCfg = Debug|Any CPU
		{349168EB-8973-4646-B104-9CC1FE698CE8}.Ad-Hoc|iPhone.Build.0 = Debug|Any CPU
		{349168EB-8973-4646-B104-9CC1FE698CE8}.Ad-Hoc|iPhoneSimulator.ActiveCfg = Debug|Any CPU
		{349168EB-8973-4646-B104-9CC1FE698CE8}.Ad-Hoc|iPhoneSimulator.Build.0 = Debug|Any CPU
		{349168EB-8973-4646-B104-9CC1FE698CE8}.Ad-Hoc|x64.ActiveCfg = Debug|Any CPU
		{349168EB-8973-4646-B104-9CC1FE698CE8}.Ad-Hoc|x64.Build.0 = Debug|Any CPU
		{349168EB-8973-4646-B104-9CC1FE698CE8}.Ad-Hoc|x86.ActiveCfg = Debug|Any CPU
		{349168EB-8973-4646-B104-9CC1FE698CE8}.Ad-Hoc|x86.Build.0 = Debug|Any CPU
		{349168EB-8973-4646-B104-9CC1FE698CE8}.AppStore|Any CPU.ActiveCfg = Debug|Any CPU
		{349168EB-8973-4646-B104-9CC1FE698CE8}.AppStore|Any CPU.Build.0 = Debug|Any CPU
		{349168EB-8973-4646-B104-9CC1FE698CE8}.AppStore|ARM.ActiveCfg = Debug|Any CPU
		{349168EB-8973-4646-B104-9CC1FE698CE8}.AppStore|ARM.Build.0 = Debug|Any CPU
		{349168EB-8973-4646-B104-9CC1FE698CE8}.AppStore|iPhone.ActiveCfg = Debug|Any CPU
		{349168EB-8973-4646-B104-9CC1FE698CE8}.AppStore|iPhone.Build.0 = Debug|Any CPU
		{349168EB-8973-4646-B104-9CC1FE698CE8}.AppStore|iPhoneSimulator.ActiveCfg = Debug|Any CPU
		{349168EB-8973-4646-B104-9CC1FE698CE8}.AppStore|iPhoneSimulator.Build.0 = Debug|Any CPU
		{349168EB-8973-4646-B104-9CC1FE698CE8}.AppStore|x64.ActiveCfg = Debug|Any CPU
		{349168EB-8973-4646-B104-9CC1FE698CE8}.AppStore|x64.Build.0 = Debug|Any CPU
		{349168EB-8973-4646-B104-9CC1FE698CE8}.AppStore|x86.ActiveCfg = Debug|Any CPU
		{349168EB-8973-4646-B104-9CC1FE698CE8}.AppStore|x86.Build.0 = Debug|Any CPU
		{349168EB-8973-4646-B104-9CC1FE698CE8}.Debug|Any CPU.ActiveCfg = Debug|Any CPU
		{349168EB-8973-4646-B104-9CC1FE698CE8}.Debug|Any CPU.Build.0 = Debug|Any CPU
		{349168EB-8973-4646-B104-9CC1FE698CE8}.Debug|ARM.ActiveCfg = Debug|Any CPU
		{349168EB-8973-4646-B104-9CC1FE698CE8}.Debug|ARM.Build.0 = Debug|Any CPU
		{349168EB-8973-4646-B104-9CC1FE698CE8}.Debug|iPhone.ActiveCfg = Debug|Any CPU
		{349168EB-8973-4646-B104-9CC1FE698CE8}.Debug|iPhone.Build.0 = Debug|Any CPU
		{349168EB-8973-4646-B104-9CC1FE698CE8}.Debug|iPhoneSimulator.ActiveCfg = Debug|Any CPU
		{349168EB-8973-4646-B104-9CC1FE698CE8}.Debug|iPhoneSimulator.Build.0 = Debug|Any CPU
		{349168EB-8973-4646-B104-9CC1FE698CE8}.Debug|x64.ActiveCfg = Debug|Any CPU
		{349168EB-8973-4646-B104-9CC1FE698CE8}.Debug|x64.Build.0 = Debug|Any CPU
		{349168EB-8973-4646-B104-9CC1FE698CE8}.Debug|x86.ActiveCfg = Debug|Any CPU
		{349168EB-8973-4646-B104-9CC1FE698CE8}.Debug|x86.Build.0 = Debug|Any CPU
		{349168EB-8973-4646-B104-9CC1FE698CE8}.Release|Any CPU.ActiveCfg = Release|Any CPU
		{349168EB-8973-4646-B104-9CC1FE698CE8}.Release|Any CPU.Build.0 = Release|Any CPU
		{349168EB-8973-4646-B104-9CC1FE698CE8}.Release|ARM.ActiveCfg = Release|Any CPU
		{349168EB-8973-4646-B104-9CC1FE698CE8}.Release|ARM.Build.0 = Release|Any CPU
		{349168EB-8973-4646-B104-9CC1FE698CE8}.Release|iPhone.ActiveCfg = Release|Any CPU
		{349168EB-8973-4646-B104-9CC1FE698CE8}.Release|iPhone.Build.0 = Release|Any CPU
		{349168EB-8973-4646-B104-9CC1FE698CE8}.Release|iPhoneSimulator.ActiveCfg = Release|Any CPU
		{349168EB-8973-4646-B104-9CC1FE698CE8}.Release|iPhoneSimulator.Build.0 = Release|Any CPU
		{349168EB-8973-4646-B104-9CC1FE698CE8}.Release|x64.ActiveCfg = Release|Any CPU
		{349168EB-8973-4646-B104-9CC1FE698CE8}.Release|x64.Build.0 = Release|Any CPU
		{349168EB-8973-4646-B104-9CC1FE698CE8}.Release|x86.ActiveCfg = Release|Any CPU
		{349168EB-8973-4646-B104-9CC1FE698CE8}.Release|x86.Build.0 = Release|Any CPU
		{92F2E7FD-B041-4629-BB45-A585D3DCB94D}.Ad-Hoc|Any CPU.ActiveCfg = Release|Any CPU
		{92F2E7FD-B041-4629-BB45-A585D3DCB94D}.Ad-Hoc|Any CPU.Build.0 = Release|Any CPU
		{92F2E7FD-B041-4629-BB45-A585D3DCB94D}.Ad-Hoc|ARM.ActiveCfg = Release|Any CPU
		{92F2E7FD-B041-4629-BB45-A585D3DCB94D}.Ad-Hoc|ARM.Build.0 = Release|Any CPU
		{92F2E7FD-B041-4629-BB45-A585D3DCB94D}.Ad-Hoc|iPhone.ActiveCfg = Release|Any CPU
		{92F2E7FD-B041-4629-BB45-A585D3DCB94D}.Ad-Hoc|iPhone.Build.0 = Release|Any CPU
		{92F2E7FD-B041-4629-BB45-A585D3DCB94D}.Ad-Hoc|iPhoneSimulator.ActiveCfg = Release|Any CPU
		{92F2E7FD-B041-4629-BB45-A585D3DCB94D}.Ad-Hoc|iPhoneSimulator.Build.0 = Release|Any CPU
		{92F2E7FD-B041-4629-BB45-A585D3DCB94D}.Ad-Hoc|x64.ActiveCfg = Release|Any CPU
		{92F2E7FD-B041-4629-BB45-A585D3DCB94D}.Ad-Hoc|x64.Build.0 = Release|Any CPU
		{92F2E7FD-B041-4629-BB45-A585D3DCB94D}.Ad-Hoc|x86.ActiveCfg = Release|Any CPU
		{92F2E7FD-B041-4629-BB45-A585D3DCB94D}.Ad-Hoc|x86.Build.0 = Release|Any CPU
		{92F2E7FD-B041-4629-BB45-A585D3DCB94D}.AppStore|Any CPU.ActiveCfg = Release|Any CPU
		{92F2E7FD-B041-4629-BB45-A585D3DCB94D}.AppStore|Any CPU.Build.0 = Release|Any CPU
		{92F2E7FD-B041-4629-BB45-A585D3DCB94D}.AppStore|ARM.ActiveCfg = Release|Any CPU
		{92F2E7FD-B041-4629-BB45-A585D3DCB94D}.AppStore|ARM.Build.0 = Release|Any CPU
		{92F2E7FD-B041-4629-BB45-A585D3DCB94D}.AppStore|iPhone.ActiveCfg = Release|Any CPU
		{92F2E7FD-B041-4629-BB45-A585D3DCB94D}.AppStore|iPhone.Build.0 = Release|Any CPU
		{92F2E7FD-B041-4629-BB45-A585D3DCB94D}.AppStore|iPhoneSimulator.ActiveCfg = Release|Any CPU
		{92F2E7FD-B041-4629-BB45-A585D3DCB94D}.AppStore|iPhoneSimulator.Build.0 = Release|Any CPU
		{92F2E7FD-B041-4629-BB45-A585D3DCB94D}.AppStore|x64.ActiveCfg = Release|Any CPU
		{92F2E7FD-B041-4629-BB45-A585D3DCB94D}.AppStore|x64.Build.0 = Release|Any CPU
		{92F2E7FD-B041-4629-BB45-A585D3DCB94D}.AppStore|x86.ActiveCfg = Release|Any CPU
		{92F2E7FD-B041-4629-BB45-A585D3DCB94D}.AppStore|x86.Build.0 = Release|Any CPU
		{92F2E7FD-B041-4629-BB45-A585D3DCB94D}.Debug|Any CPU.ActiveCfg = Debug|Any CPU
		{92F2E7FD-B041-4629-BB45-A585D3DCB94D}.Debug|Any CPU.Build.0 = Debug|Any CPU
		{92F2E7FD-B041-4629-BB45-A585D3DCB94D}.Debug|ARM.ActiveCfg = Debug|Any CPU
		{92F2E7FD-B041-4629-BB45-A585D3DCB94D}.Debug|ARM.Build.0 = Debug|Any CPU
		{92F2E7FD-B041-4629-BB45-A585D3DCB94D}.Debug|iPhone.ActiveCfg = Debug|Any CPU
		{92F2E7FD-B041-4629-BB45-A585D3DCB94D}.Debug|iPhone.Build.0 = Debug|Any CPU
		{92F2E7FD-B041-4629-BB45-A585D3DCB94D}.Debug|iPhoneSimulator.ActiveCfg = Debug|Any CPU
		{92F2E7FD-B041-4629-BB45-A585D3DCB94D}.Debug|iPhoneSimulator.Build.0 = Debug|Any CPU
		{92F2E7FD-B041-4629-BB45-A585D3DCB94D}.Debug|x64.ActiveCfg = Debug|Any CPU
		{92F2E7FD-B041-4629-BB45-A585D3DCB94D}.Debug|x64.Build.0 = Debug|Any CPU
		{92F2E7FD-B041-4629-BB45-A585D3DCB94D}.Debug|x86.ActiveCfg = Debug|Any CPU
		{92F2E7FD-B041-4629-BB45-A585D3DCB94D}.Debug|x86.Build.0 = Debug|Any CPU
		{92F2E7FD-B041-4629-BB45-A585D3DCB94D}.Release|Any CPU.ActiveCfg = Release|Any CPU
		{92F2E7FD-B041-4629-BB45-A585D3DCB94D}.Release|Any CPU.Build.0 = Release|Any CPU
		{92F2E7FD-B041-4629-BB45-A585D3DCB94D}.Release|ARM.ActiveCfg = Release|Any CPU
		{92F2E7FD-B041-4629-BB45-A585D3DCB94D}.Release|ARM.Build.0 = Release|Any CPU
		{92F2E7FD-B041-4629-BB45-A585D3DCB94D}.Release|iPhone.ActiveCfg = Release|Any CPU
		{92F2E7FD-B041-4629-BB45-A585D3DCB94D}.Release|iPhone.Build.0 = Release|Any CPU
		{92F2E7FD-B041-4629-BB45-A585D3DCB94D}.Release|iPhoneSimulator.ActiveCfg = Release|Any CPU
		{92F2E7FD-B041-4629-BB45-A585D3DCB94D}.Release|iPhoneSimulator.Build.0 = Release|Any CPU
		{92F2E7FD-B041-4629-BB45-A585D3DCB94D}.Release|x64.ActiveCfg = Release|Any CPU
		{92F2E7FD-B041-4629-BB45-A585D3DCB94D}.Release|x64.Build.0 = Release|Any CPU
		{92F2E7FD-B041-4629-BB45-A585D3DCB94D}.Release|x86.ActiveCfg = Release|Any CPU
		{92F2E7FD-B041-4629-BB45-A585D3DCB94D}.Release|x86.Build.0 = Release|Any CPU
	EndGlobalSection
	GlobalSection(SolutionProperties) = preSolution
		HideSolutionNode = FALSE
	EndGlobalSection
	GlobalSection(ExtensibilityGlobals) = postSolution
		SolutionGuid = {2A5875D2-D4D3-47AA-B494-49E39F37E447}
	EndGlobalSection
EndGlobal
